
Microsoft Visual Studio Solution File, Format Version 12.00
# Visual Studio Version 16
VisualStudioVersion = 16.0.32630.194
MinimumVisualStudioVersion = 10.0.40219.1
Project("{FAE04EC0-301F-11D3-BF4B-00C04F79EFBC}") = "eTickets", "eTickets\eTickets.csproj", "{72DCE3F9-2B64-4ABF-905E-B5B789BF29BE}"
EndProject
Global
	GlobalSection(SolutionConfigurationPlatforms) = preSolution
		Debug|Any CPU = Debug|Any CPU
		Release|Any CPU = Release|Any CPU
	EndGlobalSection
	GlobalSection(ProjectConfigurationPlatforms) = postSolution
		{72DCE3F9-2B64-4ABF-905E-B5B789BF29BE}.Debug|Any CPU.ActiveCfg = Debug|Any CPU
		{72DCE3F9-2B64-4ABF-905E-B5B789BF29BE}.Debug|Any CPU.Build.0 = Debug|Any CPU
		{72DCE3F9-2B64-4ABF-905E-B5B789BF29BE}.Release|Any CPU.ActiveCfg = Release|Any CPU
		{72DCE3F9-2B64-4ABF-905E-B5B789BF29BE}.Release|Any CPU.Build.0 = Release|Any CPU
	EndGlobalSection
	GlobalSection(SolutionProperties) = preSolution
		HideSolutionNode = FALSE
	EndGlobalSection
	GlobalSection(ExtensibilityGlobals) = postSolution
		SolutionGuid = {F46AD66A-708F-4240-AC21-145F700363CF}
	EndGlobalSection
EndGlobal
